<?xml version="1.0" encoding="utf-8"?>
<Project ToolsVersion="4.0" xmlns="http://schemas.microsoft.com/developer/msbuild/2003">
  <ItemGroup>
    <Filter Include="src">
      <UniqueIdentifier>{4FC737F1-C7A5-4376-A066-2A32D752A2FF}</UniqueIdentifier>
    </Filter>
    <Filter Include="src\core">
      <UniqueIdentifier>{93995380-89BD-4b04-88EB-625FBE52EBFB}</UniqueIdentifier>
    </Filter>
    <Filter Include="src\window">
      <UniqueIdentifier>{67DA6AB6-F800-4c08-8B7A-83BB121AAD01}</UniqueIdentifier>
    </Filter>
    <Filter Include="src\webview">
      <UniqueIdentifier>{5FD5A6B8-E4C1-4D8F-B9A2-3E7C8D9F0A1B}</UniqueIdentifier>
    </Filter>
    <Filter Include="src\api">
      <UniqueIdentifier>{A1B2C3D4-E5F6-7890-ABCD-EF1234567890}</UniqueIdentifier>
    </Filter>
    <Filter Include="src\bridge">
      <UniqueIdentifier>{B2C3D4E5-F6A7-8901-BCDE-F12345678901}</UniqueIdentifier>
    </Filter>
    <Filter Include="src\effects">
      <UniqueIdentifier>{C3D4E5F6-A7B8-9012-CDEF-123456789012}</UniqueIdentifier>
    </Filter>
    <Filter Include="src\callbacks">
      <UniqueIdentifier>{D4E5F6A7-B8C9-0123-DEF0-234567890123}</UniqueIdentifier>
    </Filter>
  </ItemGroup>
  <ItemGroup>
    <ClCompile Include="src\pch.cpp">
      <Filter>src</Filter>
    </ClCompile>
    <ClCompile Include="src\main.cpp">
      <Filter>src</Filter>
    </ClCompile>
    <ClCompile Include="src\core\UserInterface.cpp">
      <Filter>src\core</Filter>
    </ClCompile>
    <ClCompile Include="src\window\MainWindow.cpp">
      <Filter>src\window</Filter>
    </ClCompile>
    <ClCompile Include="src\window\MainWindowDwm.cpp">
      <Filter>src\window</Filter>
    </ClCompile>
    <ClCompile Include="src\window\MainWindowMenu.cpp">
      <Filter>src\window</Filter>
    </ClCompile>
    <ClCompile Include="src\window\MenuOverlayHost.cpp">
      <Filter>src\window</Filter>
    </ClCompile>
    <ClCompile Include="src\window\PopupWindow.cpp">
      <Filter>src\window</Filter>
    </ClCompile>
    <ClCompile Include="src\window\StartupPresentationCoordinator.cpp">
      <Filter>src\window</Filter>
    </ClCompile>
    <ClCompile Include="src\window\WindowManager.cpp">
      <Filter>src\window</Filter>
    </ClCompile>
    <ClCompile Include="src\window\WindowChromeResolver.cpp">
      <Filter>src\window</Filter>
    </ClCompile>
    <ClCompile Include="src\window\WindowChromeApplier.cpp">
      <Filter>src\window</Filter>
    </ClCompile>
    <ClCompile Include="src\webview\WebViewHost.cpp">
      <Filter>src\webview</Filter>
    </ClCompile>
  </ItemGroup>
  <ItemGroup>
    <ClInclude Include="src\pch.h">
      <Filter>src</Filter>
    </ClInclude>
    <ClInclude Include="src\core\UserInterface.h">
      <Filter>src\core</Filter>
    </ClInclude>
    <ClInclude Include="src\window\MainWindow.h">
      <Filter>src\window</Filter>
    </ClInclude>
    <ClInclude Include="src\window\MainWindowInternal.h">
      <Filter>src\window</Filter>
    </ClInclude>
    <ClInclude Include="src\window\MenuOverlayHost.h">
      <Filter>src\window</Filter>
    </ClInclude>
    <ClInclude Include="src\window\PopupWindow.h">
      <Filter>src\window</Filter>
    </ClInclude>
    <ClInclude Include="src\window\StartupPresentationCoordinator.h">
      <Filter>src\window</Filter>
    </ClInclude>
    <ClInclude Include="src\window\TaskbarTrayContracts.h">
      <Filter>src\window</Filter>
    </ClInclude>
    <ClInclude Include="src\window\WindowManager.h">
      <Filter>src\window</Filter>
    </ClInclude>
    <ClInclude Include="src\window\WindowChromeResolver.h">
      <Filter>src\window</Filter>
    </ClInclude>
    <ClInclude Include="src\window\WindowChromeApplier.h">
      <Filter>src\window</Filter>
    </ClInclude>
    <ClInclude Include="src\window\WindowChromeState.h">
      <Filter>src\window</Filter>
    </ClInclude>
    <ClInclude Include="src\webview\WebViewHost.h">
      <Filter>src\webview</Filter>
    </ClInclude>
  </ItemGroup>
</Project>
